
Microsoft Visual Studio Solution File, Format Version 12.00
# Visual Studio Version 16
VisualStudioVersion = 16.0.29613.14
MinimumVisualStudioVersion = 10.0.40219.1
Project("{9A19103F-16F7-4668-BE54-9A1E7A4F7556}") = "SharkParser", "SharkParser\SharkParser.csproj", "{BFCBE509-5E80-43E7-9D76-6E6905BA80F0}"
EndProject
Project("{9A19103F-16F7-4668-BE54-9A1E7A4F7556}") = "Test", "Test\Test.csproj", "{B98FEE3D-1AEA-44D6-8506-F35753056BB0}"
EndProject
Global
	GlobalSection(SolutionConfigurationPlatforms) = preSolution
		Debug|Any CPU = Debug|Any CPU
		Release|Any CPU = Release|Any CPU
	EndGlobalSection
	GlobalSection(ProjectConfigurationPlatforms) = postSolution
		{BFCBE509-5E80-43E7-9D76-6E6905BA80F0}.Debug|Any CPU.ActiveCfg = Debug|Any CPU
		{BFCBE509-5E80-43E7-9D76-6E6905BA80F0}.Debug|Any CPU.Build.0 = Debug|Any CPU
		{BFCBE509-5E80-43E7-9D76-6E6905BA80F0}.Release|Any CPU.ActiveCfg = Release|Any CPU
		{BFCBE509-5E80-43E7-9D76-6E6905BA80F0}.Release|Any CPU.Build.0 = Release|Any CPU
		{B98FEE3D-1AEA-44D6-8506-F35753056BB0}.Debug|Any CPU.ActiveCfg = Debug|Any CPU
		{B98FEE3D-1AEA-44D6-8506-F35753056BB0}.Debug|Any CPU.Build.0 = Debug|Any CPU
		{B98FEE3D-1AEA-44D6-8506-F35753056BB0}.Release|Any CPU.ActiveCfg = Release|Any CPU
		{B98FEE3D-1AEA-44D6-8506-F35753056BB0}.Release|Any CPU.Build.0 = Release|Any CPU
	EndGlobalSection
	GlobalSection(SolutionProperties) = preSolution
		HideSolutionNode = FALSE
	EndGlobalSection
	GlobalSection(ExtensibilityGlobals) = postSolution
		SolutionGuid = {EA1BA3E4-4548-46EC-BEDA-973D4B395B5D}
	EndGlobalSection
EndGlobal
